uuid: a1fe9452-7692-4533-9026-c9ce3f75262c
langcode: en
status: true
dependencies: {  }
id: search_api__views_block__course_search__block
name: 'search_api:views_block__course_search__block'
filter_key: course_finder
url_processor: query_string
breadcrumb:
  active: false
  before: true
  group: false
